
Microsoft Visual Studio Solution File, Format Version 12.00
# Visual Studio Version 17
VisualStudioVersion = 17.5.33530.505
MinimumVisualStudioVersion = 10.0.40219.1
Project("{FAE04EC0-301F-11D3-BF4B-00C04F79EFBC}") = "Hangman", "Hangman\Hangman.csproj", "{BF2C4463-634F-47F0-97C4-CB63509CCFC9}"
EndProject
Global
	GlobalSection(SolutionConfigurationPlatforms) = preSolution
		Debug|Any CPU = Debug|Any CPU
		Release|Any CPU = Release|Any CPU
	EndGlobalSection
	GlobalSection(ProjectConfigurationPlatforms) = postSolution
		{BF2C4463-634F-47F0-97C4-CB63509CCFC9}.Debug|Any CPU.ActiveCfg = Debug|Any CPU
		{BF2C4463-634F-47F0-97C4-CB63509CCFC9}.Debug|Any CPU.Build.0 = Debug|Any CPU
		{BF2C4463-634F-47F0-97C4-CB63509CCFC9}.Release|Any CPU.ActiveCfg = Release|Any CPU
		{BF2C4463-634F-47F0-97C4-CB63509CCFC9}.Release|Any CPU.Build.0 = Release|Any CPU
	EndGlobalSection
	GlobalSection(SolutionProperties) = preSolution
		HideSolutionNode = FALSE
	EndGlobalSection
	GlobalSection(ExtensibilityGlobals) = postSolution
		SolutionGuid = {3C3174A8-FD3F-498D-9892-BCFF1D6AFF78}
	EndGlobalSection
EndGlobal
